// !$*UTF8*$!
{
	archiveVersion = 1;
	classes = {
	};
	objectVersion = 55;
	objects = {

/* Begin PBXBuildFile section */
		64D790DD2796F83F0082CF83 /* NotesWatchOS WatchKit App.app in Embed Watch Content */ = {isa = PBXBuildFile; fileRef = 64D790DC2796F83F0082CF83 /* NotesWatchOS WatchKit App.app */; settings = {ATTRIBUTES = (RemoveHeadersOnCopy, ); }; };
		64D790E22796F8400082CF83 /* Assets.xcassets in Resources */ = {isa = PBXBuildFile; fileRef = 64D790E12796F8400082CF83 /* Assets.xcassets */; };
		64D790E82796F8400082CF83 /* NotesWatchOS WatchKit Extension.appex in Embed App Extensions */ = {isa = PBXBuildFile; fileRef = 64D790E72796F8400082CF83 /* NotesWatchOS WatchKit Extension.appex */; settings = {ATTRIBUTES = (RemoveHeadersOnCopy, ); }; };
		64D790ED2796F8400082CF83 /* ContentView.swift in Sources */ = {isa = PBXBuildFile; fileRef = 64D790EC2796F8400082CF83 /* ContentView.swift */; };
		64D790EF2796F8400082CF83 /* NotesWatchOSApp.swift in Sources */ = {isa = PBXBuildFile; fileRef = 64D790EE2796F8400082CF83 /* NotesWatchOSApp.swift */; };
		64D790F12796F8400082CF83 /* ComplicationController.swift in Sources */ = {isa = PBXBuildFile; fileRef = 64D790F02796F8400082CF83 /* ComplicationController.swift */; };
		64D790F32796F8400082CF83 /* Assets.xcassets in Resources */ = {isa = PBXBuildFile; fileRef = 64D790F22796F8400082CF83 /* Assets.xcassets */; };
		64D790F62796F8400082CF83 /* Preview Assets.xcassets in Resources */ = {isa = PBXBuildFile; fileRef = 64D790F52796F8400082CF83 /* Preview Assets.xcassets */; };
		64D791082796F9A70082CF83 /* Note.swift in Sources */ = {isa = PBXBuildFile; fileRef = 64D791072796F9A70082CF83 /* Note.swift */; };
		64D7910A279705340082CF83 /* DetailView.swift in Sources */ = {isa = PBXBuildFile; fileRef = 64D79109279705340082CF83 /* DetailView.swift */; };
		64D7910C279708350082CF83 /* CreditsView.swift in Sources */ = {isa = PBXBuildFile; fileRef = 64D7910B279708350082CF83 /* CreditsView.swift */; };
		64D7910E27970A280082CF83 /* Assets.xcassets in Resources */ = {isa = PBXBuildFile; fileRef = 64D790E12796F8400082CF83 /* Assets.xcassets */; };
		64D7911027970A730082CF83 /* SettingsView.swift in Sources */ = {isa = PBXBuildFile; fileRef = 64D7910F27970A730082CF83 /* SettingsView.swift */; };
		64D7911227970D860082CF83 /* ErrorView.swift in Sources */ = {isa = PBXBuildFile; fileRef = 64D7911127970D860082CF83 /* ErrorView.swift */; };
/* End PBXBuildFile section */

/* Begin PBXContainerItemProxy section */
		64D790DE2796F83F0082CF83 /* PBXContainerItemProxy */ = {
			isa = PBXContainerItemProxy;
			containerPortal = 64D790D22796F83F0082CF83 /* Project object */;
			proxyType = 1;
			remoteGlobalIDString = 64D790DB2796F83F0082CF83;
			remoteInfo = "NotesWatchOS WatchKit App";
		};
		64D790E92796F8400082CF83 /* PBXContainerItemProxy */ = {
			isa = PBXContainerItemProxy;
			containerPortal = 64D790D22796F83F0082CF83 /* Project object */;
			proxyType = 1;
			remoteGlobalIDString = 64D790E62796F8400082CF83;
			remoteInfo = "NotesWatchOS WatchKit Extension";
		};
/* End PBXContainerItemProxy section */

/* Begin PBXCopyFilesBuildPhase section */
		64D790FD2796F8400082CF83 /* Embed App Extensions */ = {
			isa = PBXCopyFilesBuildPhase;
			buildActionMask = 2147483647;
			dstPath = "";
			dstSubfolderSpec = 13;
			files = (
				64D790E82796F8400082CF83 /* NotesWatchOS WatchKit Extension.appex in Embed App Extensions */,
			);
			name = "Embed App Extensions";
			runOnlyForDeploymentPostprocessing = 0;
		};
		64D791012796F8400082CF83 /* Embed Watch Content */ = {
			isa = PBXCopyFilesBuildPhase;
			buildActionMask = 2147483647;
			dstPath = "$(CONTENTS_FOLDER_PATH)/Watch";
			dstSubfolderSpec = 16;
			files = (
				64D790DD2796F83F0082CF83 /* NotesWatchOS WatchKit App.app in Embed Watch Content */,
			);
			name = "Embed Watch Content";
			runOnlyForDeploymentPostprocessing = 0;
		};
/* End PBXCopyFilesBuildPhase section */

/* Begin PBXFileReference section */
		64D790D82796F83F0082CF83 /* NotesWatchOS.app */ = {isa = PBXFileReference; explicitFileType = wrapper.application; includeInIndex = 0; path = NotesWatchOS.app; sourceTree = BUILT_PRODUCTS_DIR; };
		64D790DC2796F83F0082CF83 /* NotesWatchOS WatchKit App.app */ = {isa = PBXFileReference; explicitFileType = wrapper.application; includeInIndex = 0; path = "NotesWatchOS WatchKit App.app"; sourceTree = BUILT_PRODUCTS_DIR; };
		64D790E12796F8400082CF83 /* Assets.xcassets */ = {isa = PBXFileReference; lastKnownFileType = folder.assetcatalog; path = Assets.xcassets; sourceTree = "<group>"; };
		64D790E72796F8400082CF83 /* NotesWatchOS WatchKit Extension.appex */ = {isa = PBXFileReference; explicitFileType = "wrapper.app-extension"; includeInIndex = 0; path = "NotesWatchOS WatchKit Extension.appex"; sourceTree = BUILT_PRODUCTS_DIR; };
		64D790EC2796F8400082CF83 /* ContentView.swift */ = {isa = PBXFileReference; lastKnownFileType = sourcecode.swift; path = ContentView.swift; sourceTree = "<group>"; };
		64D790EE2796F8400082CF83 /* NotesWatchOSApp.swift */ = {isa = PBXFileReference; lastKnownFileType = sourcecode.swift; path = NotesWatchOSApp.swift; sourceTree = "<group>"; };
		64D790F02796F8400082CF83 /* ComplicationController.swift */ = {isa = PBXFileReference; lastKnownFileType = sourcecode.swift; path = ComplicationController.swift; sourceTree = "<group>"; };
		64D790F22796F8400082CF83 /* Assets.xcassets */ = {isa = PBXFileReference; lastKnownFileType = folder.assetcatalog; path = Assets.xcassets; sourceTree = "<group>"; };
		64D790F52796F8400082CF83 /* Preview Assets.xcassets */ = {isa = PBXFileReference; lastKnownFileType = folder.assetcatalog; path = "Preview Assets.xcassets"; sourceTree = "<group>"; };
		64D790F72796F8400082CF83 /* Info.plist */ = {isa = PBXFileReference; lastKnownFileType = text.plist.xml; path = Info.plist; sourceTree = "<group>"; };
		64D791072796F9A70082CF83 /* Note.swift */ = {isa = PBXFileReference; lastKnownFileType = sourcecode.swift; path = Note.swift; sourceTree = "<group>"; };
		64D79109279705340082CF83 /* DetailView.swift */ = {isa = PBXFileReference; lastKnownFileType = sourcecode.swift; path = DetailView.swift; sourceTree = "<group>"; };
		64D7910B279708350082CF83 /* CreditsView.swift */ = {isa = PBXFileReference; lastKnownFileType = sourcecode.swift; path = CreditsView.swift; sourceTree = "<group>"; };
		64D7910F27970A730082CF83 /* SettingsView.swift */ = {isa = PBXFileReference; lastKnownFileType = sourcecode.swift; path = SettingsView.swift; sourceTree = "<group>"; };
		64D7911127970D860082CF83 /* ErrorView.swift */ = {isa = PBXFileReference; lastKnownFileType = sourcecode.swift; path = ErrorView.swift; sourceTree = "<group>"; };
/* End PBXFileReference section */

/* Begin PBXFrameworksBuildPhase section */
		64D790E42796F8400082CF83 /* Frameworks */ = {
			isa = PBXFrameworksBuildPhase;
			buildActionMask = 2147483647;
			files = (
			);
			runOnlyForDeploymentPostprocessing = 0;
		};
/* End PBXFrameworksBuildPhase section */

/* Begin PBXGroup section */
		64D790D12796F83F0082CF83 = {
			isa = PBXGroup;
			children = (
				64D790E02796F83F0082CF83 /* NotesWatchOS WatchKit App */,
				64D790EB2796F8400082CF83 /* NotesWatchOS WatchKit Extension */,
				64D790D92796F83F0082CF83 /* Products */,
			);
			sourceTree = "<group>";
		};
		64D790D92796F83F0082CF83 /* Products */ = {
			isa = PBXGroup;
			children = (
				64D790D82796F83F0082CF83 /* NotesWatchOS.app */,
				64D790DC2796F83F0082CF83 /* NotesWatchOS WatchKit App.app */,
				64D790E72796F8400082CF83 /* NotesWatchOS WatchKit Extension.appex */,
			);
			name = Products;
			sourceTree = "<group>";
		};
		64D790E02796F83F0082CF83 /* NotesWatchOS WatchKit App */ = {
			isa = PBXGroup;
			children = (
				64D790E12796F8400082CF83 /* Assets.xcassets */,
			);
			path = "NotesWatchOS WatchKit App";
			sourceTree = "<group>";
		};
		64D790EB2796F8400082CF83 /* NotesWatchOS WatchKit Extension */ = {
			isa = PBXGroup;
			children = (
				64D791062796F98A0082CF83 /* Views */,
				64D791052796F9840082CF83 /* Models */,
				64D790EE2796F8400082CF83 /* NotesWatchOSApp.swift */,
				64D790F02796F8400082CF83 /* ComplicationController.swift */,
				64D790F22796F8400082CF83 /* Assets.xcassets */,
				64D790F72796F8400082CF83 /* Info.plist */,
				64D790F42796F8400082CF83 /* Preview Content */,
			);
			path = "NotesWatchOS WatchKit Extension";
			sourceTree = "<group>";
		};
		64D790F42796F8400082CF83 /* Preview Content */ = {
			isa = PBXGroup;
			children = (
				64D790F52796F8400082CF83 /* Preview Assets.xcassets */,
			);
			path = "Preview Content";
			sourceTree = "<group>";
		};
		64D791052796F9840082CF83 /* Models */ = {
			isa = PBXGroup;
			children = (
				64D791072796F9A70082CF83 /* Note.swift */,
			);
			path = Models;
			sourceTree = "<group>";
		};
		64D791062796F98A0082CF83 /* Views */ = {
			isa = PBXGroup;
			children = (
				64D790EC2796F8400082CF83 /* ContentView.swift */,
				64D79109279705340082CF83 /* DetailView.swift */,
				64D7910B279708350082CF83 /* CreditsView.swift */,
				64D7910F27970A730082CF83 /* SettingsView.swift */,
				64D7911127970D860082CF83 /* ErrorView.swift */,
			);
			path = Views;
			sourceTree = "<group>";
		};
/* End PBXGroup section */

/* Begin PBXNativeTarget section */
		64D790D72796F83F0082CF83 /* NotesWatchOS */ = {
			isa = PBXNativeTarget;
			buildConfigurationList = 64D791022796F8400082CF83 /* Build configuration list for PBXNativeTarget "NotesWatchOS" */;
			buildPhases = (
				64D790D62796F83F0082CF83 /* Resources */,
				64D791012796F8400082CF83 /* Embed Watch Content */,
			);
			buildRules = (
			);
			dependencies = (
				64D790DF2796F83F0082CF83 /* PBXTargetDependency */,
			);
			name = NotesWatchOS;
			productName = NotesWatchOS;
			productReference = 64D790D82796F83F0082CF83 /* NotesWatchOS.app */;
			productType = "com.apple.product-type.application.watchapp2-container";
		};
		64D790DB2796F83F0082CF83 /* NotesWatchOS WatchKit App */ = {
			isa = PBXNativeTarget;
			buildConfigurationList = 64D790FE2796F8400082CF83 /* Build configuration list for PBXNativeTarget "NotesWatchOS WatchKit App" */;
			buildPhases = (
				64D790DA2796F83F0082CF83 /* Resources */,
				64D790FD2796F8400082CF83 /* Embed App Extensions */,
			);
			buildRules = (
			);
			dependencies = (
				64D790EA2796F8400082CF83 /* PBXTargetDependency */,
			);
			name = "NotesWatchOS WatchKit App";
			productName = "NotesWatchOS WatchKit App";
			productReference = 64D790DC2796F83F0082CF83 /* NotesWatchOS WatchKit App.app */;
			productType = "com.apple.product-type.application.watchapp2";
		};
		64D790E62796F8400082CF83 /* NotesWatchOS WatchKit Extension */ = {
			isa = PBXNativeTarget;
			buildConfigurationList = 64D790FA2796F8400082CF83 /* Build configuration list for PBXNativeTarget "NotesWatchOS WatchKit Extension" */;
			buildPhases = (
				64D790E32796F8400082CF83 /* Sources */,
				64D790E42796F8400082CF83 /* Frameworks */,
				64D790E52796F8400082CF83 /* Resources */,
			);
			buildRules = (
			);
			dependencies = (
			);
			name = "NotesWatchOS WatchKit Extension";
			productName = "NotesWatchOS WatchKit Extension";
			productReference = 64D790E72796F8400082CF83 /* NotesWatchOS WatchKit Extension.appex */;
			productType = "com.apple.product-type.watchkit2-extension";
		};
/* End PBXNativeTarget section */

/* Begin PBXProject section */
		64D790D22796F83F0082CF83 /* Project object */ = {
			isa = PBXProject;
			attributes = {
				BuildIndependentTargetsInParallel = 1;
				LastSwiftUpdateCheck = 1320;
				LastUpgradeCheck = 1320;
				TargetAttributes = {
					64D790D72796F83F0082CF83 = {
						CreatedOnToolsVersion = 13.2.1;
					};
					64D790DB2796F83F0082CF83 = {
						CreatedOnToolsVersion = 13.2.1;
					};
					64D790E62796F8400082CF83 = {
						CreatedOnToolsVersion = 13.2.1;
					};
				};
			};
			buildConfigurationList = 64D790D52796F83F0082CF83 /* Build configuration list for PBXProject "NotesWatchOS" */;
			compatibilityVersion = "Xcode 13.0";
			developmentRegion = en;
			hasScannedForEncodings = 0;
			knownRegions = (
				en,
				Base,
			);
			mainGroup = 64D790D12796F83F0082CF83;
			productRefGroup = 64D790D92796F83F0082CF83 /* Products */;
			projectDirPath = "";
			projectRoot = "";
			targets = (
				64D790D72796F83F0082CF83 /* NotesWatchOS */,
				64D790DB2796F83F0082CF83 /* NotesWatchOS WatchKit App */,
				64D790E62796F8400082CF83 /* NotesWatchOS WatchKit Extension */,
			);
		};
/* End PBXProject section */

/* Begin PBXResourcesBuildPhase section */
		64D790D62796F83F0082CF83 /* Resources */ = {
			isa = PBXResourcesBuildPhase;
			buildActionMask = 2147483647;
			files = (
			);
			runOnlyForDeploymentPostprocessing = 0;
		};
		64D790DA2796F83F0082CF83 /* Resources */ = {
			isa = PBXResourcesBuildPhase;
			buildActionMask = 2147483647;
			files = (
				64D790E22796F8400082CF83 /* Assets.xcassets in Resources */,
			);
			runOnlyForDeploymentPostprocessing = 0;
		};
		64D790E52796F8400082CF83 /* Resources */ = {
			isa = PBXResourcesBuildPhase;
			buildActionMask = 2147483647;
			files = (
				64D790F62796F8400082CF83 /* Preview Assets.xcassets in Resources */,
				64D7910E27970A280082CF83 /* Assets.xcassets in Resources */,
				64D790F32796F8400082CF83 /* Assets.xcassets in Resources */,
			);
			runOnlyForDeploymentPostprocessing = 0;
		};
/* End PBXResourcesBuildPhase section */

/* Begin PBXSourcesBuildPhase section */
		64D790E32796F8400082CF83 /* Sources */ = {
			isa = PBXSourcesBuildPhase;
			buildActionMask = 2147483647;
			files = (
				64D7911027970A730082CF83 /* SettingsView.swift in Sources */,
				64D790ED2796F8400082CF83 /* ContentView.swift in Sources */,
				64D790EF2796F8400082CF83 /* NotesWatchOSApp.swift in Sources */,
				64D790F12796F8400082CF83 /* ComplicationController.swift in Sources */,
				64D7910C279708350082CF83 /* CreditsView.swift in Sources */,
				64D7910A279705340082CF83 /* DetailView.swift in Sources */,
				64D791082796F9A70082CF83 /* Note.swift in Sources */,
				64D7911227970D860082CF83 /* ErrorView.swift in Sources */,
			);
			runOnlyForDeploymentPostprocessing = 0;
		};
/* End PBXSourcesBuildPhase section */

/* Begin PBXTargetDependency section */
		64D790DF2796F83F0082CF83 /* PBXTargetDependency */ = {
			isa = PBXTargetDependency;
			target = 64D790DB2796F83F0082CF83 /* NotesWatchOS WatchKit App */;
			targetProxy = 64D790DE2796F83F0082CF83 /* PBXContainerItemProxy */;
		};
		64D790EA2796F8400082CF83 /* PBXTargetDependency */ = {
			isa = PBXTargetDependency;
			target = 64D790E62796F8400082CF83 /* NotesWatchOS WatchKit Extension */;
			targetProxy = 64D790E92796F8400082CF83 /* PBXContainerItemProxy */;
		};
/* End PBXTargetDependency section */

/* Begin XCBuildConfiguration section */
		64D790F82796F8400082CF83 /* Debug */ = {
			isa = XCBuildConfiguration;
			buildSettings = {
				ALWAYS_SEARCH_USER_PATHS = NO;
				CLANG_ANALYZER_NONNULL = YES;
				CLANG_ANALYZER_NUMBER_OBJECT_CONVERSION = YES_AGGRESSIVE;
				CLANG_CXX_LANGUAGE_STANDARD = "gnu++17";
				CLANG_CXX_LIBRARY = "libc++";
				CLANG_ENABLE_MODULES = YES;
				CLANG_ENABLE_OBJC_ARC = YES;
				CLANG_ENABLE_OBJC_WEAK = YES;
				CLANG_WARN_BLOCK_CAPTURE_AUTORELEASING = YES;
				CLANG_WARN_BOOL_CONVERSION = YES;
				CLANG_WARN_COMMA = YES;
				CLANG_WARN_CONSTANT_CONVERSION = YES;
				CLANG_WARN_DEPRECATED_OBJC_IMPLEMENTATIONS = YES;
				CLANG_WARN_DIRECT_OBJC_ISA_USAGE = YES_ERROR;
				CLANG_WARN_DOCUMENTATION_COMMENTS = YES;
				CLANG_WARN_EMPTY_BODY = YES;
				CLANG_WARN_ENUM_CONVERSION = YES;
				CLANG_WARN_INFINITE_RECURSION = YES;
				CLANG_WARN_INT_CONVERSION = YES;
				CLANG_WARN_NON_LITERAL_NULL_CONVERSION = YES;
				CLANG_WARN_OBJC_IMPLICIT_RETAIN_SELF = YES;
				CLANG_WARN_OBJC_LITERAL_CONVERSION = YES;
				CLANG_WARN_OBJC_ROOT_CLASS = YES_ERROR;
				CLANG_WARN_QUOTED_INCLUDE_IN_FRAMEWORK_HEADER = YES;
				CLANG_WARN_RANGE_LOOP_ANALYSIS = YES;
				CLANG_WARN_STRICT_PROTOTYPES = YES;
				CLANG_WARN_SUSPICIOUS_MOVE = YES;
				CLANG_WARN_UNGUARDED_AVAILABILITY = YES_AGGRESSIVE;
				CLANG_WARN_UNREACHABLE_CODE = YES;
				CLANG_WARN__DUPLICATE_METHOD_MATCH = YES;
				COPY_PHASE_STRIP = NO;
				DEBUG_INFORMATION_FORMAT = dwarf;
				ENABLE_STRICT_OBJC_MSGSEND = YES;
				ENABLE_TESTABILITY = YES;
				GCC_C_LANGUAGE_STANDARD = gnu11;
				GCC_DYNAMIC_NO_PIC = NO;
				GCC_NO_COMMON_BLOCKS = YES;
				GCC_OPTIMIZATION_LEVEL = 0;
				GCC_PREPROCESSOR_DEFINITIONS = (
					"DEBUG=1",
					"$(inherited)",
				);
				GCC_WARN_64_TO_32_BIT_CONVERSION = YES;
				GCC_WARN_ABOUT_RETURN_TYPE = YES_ERROR;
				GCC_WARN_UNDECLARED_SELECTOR = YES;
				GCC_WARN_UNINITIALIZED_AUTOS = YES_AGGRESSIVE;
				GCC_WARN_UNUSED_FUNCTION = YES;
				GCC_WARN_UNUSED_VARIABLE = YES;
				MTL_ENABLE_DEBUG_INFO = INCLUDE_SOURCE;
				MTL_FAST_MATH = YES;
				ONLY_ACTIVE_ARCH = YES;
				SDKROOT = iphoneos;
				SWIFT_ACTIVE_COMPILATION_CONDITIONS = DEBUG;
				SWIFT_OPTIMIZATION_LEVEL = "-Onone";
			};
			name = Debug;
		};
		64D790F92796F8400082CF83 /* Release */ = {
			isa = XCBuildConfiguration;
			buildSettings = {
				ALWAYS_SEARCH_USER_PATHS = NO;
				CLANG_ANALYZER_NONNULL = YES;
				CLANG_ANALYZER_NUMBER_OBJECT_CONVERSION = YES_AGGRESSIVE;
				CLANG_CXX_LANGUAGE_STANDARD = "gnu++17";
				CLANG_CXX_LIBRARY = "libc++";
				CLANG_ENABLE_MODULES = YES;
				CLANG_ENABLE_OBJC_ARC = YES;
				CLANG_ENABLE_OBJC_WEAK = YES;
				CLANG_WARN_BLOCK_CAPTURE_AUTORELEASING = YES;
				CLANG_WARN_BOOL_CONVERSION = YES;
				CLANG_WARN_COMMA = YES;
				CLANG_WARN_CONSTANT_CONVERSION = YES;
				CLANG_WARN_DEPRECATED_OBJC_IMPLEMENTATIONS = YES;
				CLANG_WARN_DIRECT_OBJC_ISA_USAGE = YES_ERROR;
				CLANG_WARN_DOCUMENTATION_COMMENTS = YES;
				CLANG_WARN_EMPTY_BODY = YES;
				CLANG_WARN_ENUM_CONVERSION = YES;
				CLANG_WARN_INFINITE_RECURSION = YES;
				CLANG_WARN_INT_CONVERSION = YES;
				CLANG_WARN_NON_LITERAL_NULL_CONVERSION = YES;
				CLANG_WARN_OBJC_IMPLICIT_RETAIN_SELF = YES;
				CLANG_WARN_OBJC_LITERAL_CONVERSION = YES;
				CLANG_WARN_OBJC_ROOT_CLASS = YES_ERROR;
				CLANG_WARN_QUOTED_INCLUDE_IN_FRAMEWORK_HEADER = YES;
				CLANG_WARN_RANGE_LOOP_ANALYSIS = YES;
				CLANG_WARN_STRICT_PROTOTYPES = YES;
				CLANG_WARN_SUSPICIOUS_MOVE = YES;
				CLANG_WARN_UNGUARDED_AVAILABILITY = YES_AGGRESSIVE;
				CLANG_WARN_UNREACHABLE_CODE = YES;
				CLANG_WARN__DUPLICATE_METHOD_MATCH = YES;
				COPY_PHASE_STRIP = NO;
				DEBUG_INFORMATION_FORMAT = "dwarf-with-dsym";
				ENABLE_NS_ASSERTIONS = NO;
				ENABLE_STRICT_OBJC_MSGSEND = YES;
				GCC_C_LANGUAGE_STANDARD = gnu11;
				GCC_NO_COMMON_BLOCKS = YES;
				GCC_WARN_64_TO_32_BIT_CONVERSION = YES;
				GCC_WARN_ABOUT_RETURN_TYPE = YES_ERROR;
				GCC_WARN_UNDECLARED_SELECTOR = YES;
				GCC_WARN_UNINITIALIZED_AUTOS = YES_AGGRESSIVE;
				GCC_WARN_UNUSED_FUNCTION = YES;
				GCC_WARN_UNUSED_VARIABLE = YES;
				MTL_ENABLE_DEBUG_INFO = NO;
				MTL_FAST_MATH = YES;
				SDKROOT = iphoneos;
				SWIFT_COMPILATION_MODE = wholemodule;
				SWIFT_OPTIMIZATION_LEVEL = "-O";
				VALIDATE_PRODUCT = YES;
			};
			name = Release;
		};
		64D790FB2796F8400082CF83 /* Debug */ = {
			isa = XCBuildConfiguration;
			buildSettings = {
				ASSETCATALOG_COMPILER_COMPLICATION_NAME = Complication;
				CODE_SIGN_STYLE = Automatic;
				CURRENT_PROJECT_VERSION = 1;
				DEVELOPMENT_ASSET_PATHS = "\"NotesWatchOS WatchKit Extension/Preview Content\"";
				DEVELOPMENT_TEAM = 453J5S23QT;
				ENABLE_PREVIEWS = YES;
				GENERATE_INFOPLIST_FILE = YES;
				INFOPLIST_FILE = "NotesWatchOS WatchKit Extension/Info.plist";
				INFOPLIST_KEY_CFBundleDisplayName = "NotesWatchOS WatchKit Extension";
				INFOPLIST_KEY_CLKComplicationPrincipalClass = "$(PRODUCT_MODULE_NAME).ComplicationController";
				INFOPLIST_KEY_NSHumanReadableCopyright = "";
				INFOPLIST_KEY_WKWatchOnly = YES;
				LD_RUNPATH_SEARCH_PATHS = (
					"$(inherited)",
					"@executable_path/Frameworks",
					"@executable_path/../../Frameworks",
				);
				MARKETING_VERSION = 1.0;
				PRODUCT_BUNDLE_IDENTIFIER = com.shmorado.NotesWatchOS.watchkitapp.watchkitextension;
				PRODUCT_NAME = "${TARGET_NAME}";
				SDKROOT = watchos;
				SKIP_INSTALL = YES;
				SWIFT_EMIT_LOC_STRINGS = YES;
				SWIFT_VERSION = 5.0;
				TARGETED_DEVICE_FAMILY = 4;
				WATCHOS_DEPLOYMENT_TARGET = 8.3;
			};
			name = Debug;
		};
		64D790FC2796F8400082CF83 /* Release */ = {
			isa = XCBuildConfiguration;
			buildSettings = {
				ASSETCATALOG_COMPILER_COMPLICATION_NAME = Complication;
				CODE_SIGN_STYLE = Automatic;
				CURRENT_PROJECT_VERSION = 1;
				DEVELOPMENT_ASSET_PATHS = "\"NotesWatchOS WatchKit Extension/Preview Content\"";
				DEVELOPMENT_TEAM = 453J5S23QT;
				ENABLE_PREVIEWS = YES;
				GENERATE_INFOPLIST_FILE = YES;
				INFOPLIST_FILE = "NotesWatchOS WatchKit Extension/Info.plist";
				INFOPLIST_KEY_CFBundleDisplayName = "NotesWatchOS WatchKit Extension";
				INFOPLIST_KEY_CLKComplicationPrincipalClass = "$(PRODUCT_MODULE_NAME).ComplicationController";
				INFOPLIST_KEY_NSHumanReadableCopyright = "";
				INFOPLIST_KEY_WKWatchOnly = YES;
				LD_RUNPATH_SEARCH_PATHS = (
					"$(inherited)",
					"@executable_path/Frameworks",
					"@executable_path/../../Frameworks",
				);
				MARKETING_VERSION = 1.0;
				PRODUCT_BUNDLE_IDENTIFIER = com.shmorado.NotesWatchOS.watchkitapp.watchkitextension;
				PRODUCT_NAME = "${TARGET_NAME}";
				SDKROOT = watchos;
				SKIP_INSTALL = YES;
				SWIFT_EMIT_LOC_STRINGS = YES;
				SWIFT_VERSION = 5.0;
				TARGETED_DEVICE_FAMILY = 4;
				WATCHOS_DEPLOYMENT_TARGET = 8.3;
			};
			name = Release;
		};
		64D790FF2796F8400082CF83 /* Debug */ = {
			isa = XCBuildConfiguration;
			buildSettings = {
				ALWAYS_EMBED_SWIFT_STANDARD_LIBRARIES = YES;
				ASSETCATALOG_COMPILER_APPICON_NAME = AppIcon;
				ASSETCATALOG_COMPILER_GLOBAL_ACCENT_COLOR_NAME = AccentColor;
				CODE_SIGN_STYLE = Automatic;
				CURRENT_PROJECT_VERSION = 1;
				DEVELOPMENT_TEAM = 453J5S23QT;
				GENERATE_INFOPLIST_FILE = YES;
				IBSC_MODULE = NotesWatchOS_WatchKit_Extension;
				INFOPLIST_KEY_CFBundleDisplayName = "NotesWatchOS WatchKit App";
				INFOPLIST_KEY_UISupportedInterfaceOrientations = "UIInterfaceOrientationPortrait UIInterfaceOrientationPortraitUpsideDown";
				MARKETING_VERSION = 1.0;
				PRODUCT_BUNDLE_IDENTIFIER = com.shmorado.NotesWatchOS.watchkitapp;
				PRODUCT_NAME = "$(TARGET_NAME)";
				SDKROOT = watchos;
				SKIP_INSTALL = YES;
				SWIFT_EMIT_LOC_STRINGS = YES;
				SWIFT_VERSION = 5.0;
				TARGETED_DEVICE_FAMILY = 4;
				WATCHOS_DEPLOYMENT_TARGET = 8.3;
			};
			name = Debug;
		};
		64D791002796F8400082CF83 /* Release */ = {
			isa = XCBuildConfiguration;
			buildSettings = {
				ALWAYS_EMBED_SWIFT_STANDARD_LIBRARIES = YES;
				ASSETCATALOG_COMPILER_APPICON_NAME = AppIcon;
				ASSETCATALOG_COMPILER_GLOBAL_ACCENT_COLOR_NAME = AccentColor;
				CODE_SIGN_STYLE = Automatic;
				CURRENT_PROJECT_VERSION = 1;
				DEVELOPMENT_TEAM = 453J5S23QT;
				GENERATE_INFOPLIST_FILE = YES;
				IBSC_MODULE = NotesWatchOS_WatchKit_Extension;
				INFOPLIST_KEY_CFBundleDisplayName = "NotesWatchOS WatchKit App";
				INFOPLIST_KEY_UISupportedInterfaceOrientations = "UIInterfaceOrientationPortrait UIInterfaceOrientationPortraitUpsideDown";
				MARKETING_VERSION = 1.0;
				PRODUCT_BUNDLE_IDENTIFIER = com.shmorado.NotesWatchOS.watchkitapp;
				PRODUCT_NAME = "$(TARGET_NAME)";
				SDKROOT = watchos;
				SKIP_INSTALL = YES;
				SWIFT_EMIT_LOC_STRINGS = YES;
				SWIFT_VERSION = 5.0;
				TARGETED_DEVICE_FAMILY = 4;
				WATCHOS_DEPLOYMENT_TARGET = 8.3;
			};
			name = Release;
		};
		64D791032796F8400082CF83 /* Debug */ = {
			isa = XCBuildConfiguration;
			buildSettings = {
				CODE_SIGN_STYLE = Automatic;
				CURRENT_PROJECT_VERSION = 1;
				DEVELOPMENT_TEAM = 453J5S23QT;
				MARKETING_VERSION = 1.0;
				PRODUCT_BUNDLE_IDENTIFIER = com.shmorado.NotesWatchOS;
				PRODUCT_NAME = "$(TARGET_NAME)";
				SWIFT_VERSION = 5.0;
			};
			name = Debug;
		};
		64D791042796F8400082CF83 /* Release */ = {
			isa = XCBuildConfiguration;
			buildSettings = {
				CODE_SIGN_STYLE = Automatic;
				CURRENT_PROJECT_VERSION = 1;
				DEVELOPMENT_TEAM = 453J5S23QT;
				MARKETING_VERSION = 1.0;
				PRODUCT_BUNDLE_IDENTIFIER = com.shmorado.NotesWatchOS;
				PRODUCT_NAME = "$(TARGET_NAME)";
				SWIFT_VERSION = 5.0;
			};
			name = Release;
		};
/* End XCBuildConfiguration section */

/* Begin XCConfigurationList section */
		64D790D52796F83F0082CF83 /* Build configuration list for PBXProject "NotesWatchOS" */ = {
			isa = XCConfigurationList;
			buildConfigurations = (
				64D790F82796F8400082CF83 /* Debug */,
				64D790F92796F8400082CF83 /* Release */,
			);
			defaultConfigurationIsVisible = 0;
			defaultConfigurationName = Release;
		};
		64D790FA2796F8400082CF83 /* Build configuration list for PBXNativeTarget "NotesWatchOS WatchKit Extension" */ = {
			isa = XCConfigurationList;
			buildConfigurations = (
				64D790FB2796F8400082CF83 /* Debug */,
				64D790FC2796F8400082CF83 /* Release */,
			);
			defaultConfigurationIsVisible = 0;
			defaultConfigurationName = Release;
		};
		64D790FE2796F8400082CF83 /* Build configuration list for PBXNativeTarget "NotesWatchOS WatchKit App" */ = {
			isa = XCConfigurationList;
			buildConfigurations = (
				64D790FF2796F8400082CF83 /* Debug */,
				64D791002796F8400082CF83 /* Release */,
			);
			defaultConfigurationIsVisible = 0;
			defaultConfigurationName = Release;
		};
		64D791022796F8400082CF83 /* Build configuration list for PBXNativeTarget "NotesWatchOS" */ = {
			isa = XCConfigurationList;
			buildConfigurations = (
				64D791032796F8400082CF83 /* Debug */,
				64D791042796F8400082CF83 /* Release */,
			);
			defaultConfigurationIsVisible = 0;
			defaultConfigurationName = Release;
		};
/* End XCConfigurationList section */
	};
	rootObject = 64D790D22796F83F0082CF83 /* Project object */;
}
